
Microsoft Visual Studio Solution File, Format Version 12.00
# Visual Studio 15
VisualStudioVersion = 15.0.28307.852
MinimumVisualStudioVersion = 10.0.40219.1
Project("{FAE04EC0-301F-11D3-BF4B-00C04F79EFBC}") = "DXSample26", "DXSample26\DXSample26.csproj", "{A74DCDA1-6A11-49D1-91DD-2EFA8AEA726E}"
EndProject
Global
	GlobalSection(SolutionConfigurationPlatforms) = preSolution
		Debug|Any CPU = Debug|Any CPU
		Release|Any CPU = Release|Any CPU
	EndGlobalSection
	GlobalSection(ProjectConfigurationPlatforms) = postSolution
		{A74DCDA1-6A11-49D1-91DD-2EFA8AEA726E}.Debug|Any CPU.ActiveCfg = Debug|Any CPU
		{A74DCDA1-6A11-49D1-91DD-2EFA8AEA726E}.Debug|Any CPU.Build.0 = Debug|Any CPU
		{A74DCDA1-6A11-49D1-91DD-2EFA8AEA726E}.Release|Any CPU.ActiveCfg = Release|Any CPU
		{A74DCDA1-6A11-49D1-91DD-2EFA8AEA726E}.Release|Any CPU.Build.0 = Release|Any CPU
	EndGlobalSection
	GlobalSection(SolutionProperties) = preSolution
		HideSolutionNode = FALSE
	EndGlobalSection
	GlobalSection(ExtensibilityGlobals) = postSolution
		SolutionGuid = {EEA3565C-37A8-4B1E-8972-3454784A1DD2}
	EndGlobalSection
EndGlobal
